{
  "name": "church-central",
  "version": "0.1.0",
  "lockfileVersion": 3,
  "requires": true,
  "packages": {
    "": {
      "name": "church-central",
      "version": "0.1.0",
      "dependencies": {
        "react": "^18.2.0",
        "react-dom": "^18.2.0",
        "react-router-dom": "^6.11.2",
        "firebase": "^9.22.1",
        "react-scripts": "5.0.1"
      },
      "devDependencies": {
        "@testing-library/jest-dom": "^5.16.5",
        "@testing-library/react": "^14.0.0",
        "@testing-library/user-event": "^13.5.0",
        "jest": "^29.5.0",
        "cypress": "^12.17.0"
      }
    },
    "node_modules/react": {
      "version": "18.2.0",
      "resolved": "https://registry.npmjs.org/react/-/react-18.2.0.tgz",
      "integrity": "sha512-/3IjMdb2cLJGzceQC1j8YBO/j7eYZcyl7vHgnat+CsrZMcaLZ+PaLq27KfRfQXrnKb3Q/n+1nvi03yArchangQ==",
      "dependencies": {
        "loose-envify": "^1.1.0"
      },
      "engines": {
        "node": ">=0.10.0"
      }
    },
    "node_modules/react-dom": {
      "version": "18.2.0",
      "resolved": "https://registry.npmjs.org/react-dom/-/react-dom-18.2.0.tgz",
      "integrity": "sha512-6IMTriUmvsjHUjNtEDudZfuDQUcIDww0mwvrrZPEV1LELppNbQp6g5sCXs0KmRoXFgti9j3AaYVqsU539YJKAQ==",
      "dependencies": {
        "loose-envify": "^1.1.0",
        "scheduler": "^0.23.0"
      }
    },
    "node_modules/react-router-dom": {
      "version": "6.11.2",
      "resolved": "https://registry.npmjs.org/react-router-dom/-/react-router-dom-6.11.2.tgz",
      "integrity": "sha512-3GEBGA2JrO61zIyOtLFxCqkwLHt6bgPMpXIqjEiMHknIyT63fLe5awm3apksasMT7N1kuzTBEg5jF3qJ6U0x9w=="
    },
    "node_modules/firebase": {
      "version": "9.22.1",
      "resolved": "https://registry.npmjs.org/firebase/-/firebase-9.22.1.tgz",
      "integrity": "sha512-/FLvXnr0PfQDNJ9zL9VPkM4wSKsUNpEAFXCaQ3LL9fpBVMUxKxOp6J4F0PkYjgMl3+Y9mWyuX89Tme5jVOyPQ=="
    },
    "node_modules/react-scripts": {
      "version": "5.0.1",
      "resolved": "https://registry.npmjs.org/react-scripts/-/react-scripts-5.0.1.tgz",
      "integrity": "sha512-8VAmEm58ZqSansuYMu8XF9zf9NLi0N7LkhAMLnT6uS7FPmwvrn0PB+sCFDMho2eStudCs558WheGeQsFwtSWRQ=="
    },
    "node_modules/scheduler": {
      "version": "0.23.0",
      "resolved": "https://registry.npmjs.org/scheduler/-/scheduler-0.23.0.tgz",
      "integrity": "sha512-CturzjWvZLe3/the9/6OFDCAkJvD7l/0L4XIWLEePJsoTlqLB5eKsAkCvqqWeRXXgIjcin2evrpgmv/Z61hxiQ=="
    },
    "node_modules/loose-envify": {
      "version": "1.4.0",
      "resolved": "https://registry.npmjs.org/loose-envify/-/loose-envify-1.4.0.tgz",
      "integrity": "sha512-lyuxPGr/Wfhrlem2CL/UcnUcanZxV8BL0jPEIkP7SoJl8MM74mHAHOhKqT3XnU7+3dGSL0QSYHKfLCVVXGqmT7Q==",
      "bin": {
        "loose-envify": "cli.js"
      },
      "engines": {
        "node": ">= 0.4.0"
      }
    },
    "node_modules/@testing-library/jest-dom": {
      "version": "5.16.5",
      "resolved": "https://registry.npmjs.org/@testing-library/jest-dom/-/jest-dom-5.16.5.tgz",
      "integrity": "sha512-N5ixQ2qKPI9Q7p7FHF4Of9iF2dkKvl6ghm5FRaksOnlS+dcysLhmDR21htYxS5I/E37GREYY3/VenoOEIK7XQ==",
      "dev": true
    },
    "node_modules/@testing-library/react": {
      "version": "14.0.0",
      "resolved": "https://registry.npmjs.org/@testing-library/react/-/react-14.0.0.tgz",
      "integrity": "sha512-czm8KS4w+wsgqEunjVioXM2qCx1PgPyni2s6XoWM5N9FziPUJN3QLaXVR5U2/J41SHGvqREMV3FSEjyDft0rxg==",
      "dev": true
    },
    "node_modules/@testing-library/user-event": {
      "version": "13.5.0",
      "resolved": "https://registry.npmjs.org/@testing-library/user-event/-/user-event-13.5.0.tgz",
      "integrity": "sha512-5Kppxpro0Ub+n8ffYiAXJkd5wkzhv/QcKf2e3W4tQ7B4xQzJ1dWbvGvXmY6vqr6n1hRBOXOKy5QJGczSxbxRA==",
      "dev": true
    },
    "node_modules/jest": {
      "version": "29.5.0",
      "resolved": "https://registry.npmjs.org/jest/-/jest-29.5.0.tgz",
      "integrity": "sha512-juAQQXNETJ+FwLBN56zIId3nSI6w/yavG+rmzXeA+7MnVnt4dMjvnd7gysTI8076OYcsqrzfW4efxVUrudzzIg==",
      "dev": true
    },
    "node_modules/cypress": {
      "version": "12.17.0",
      "resolved": "https://registry.npmjs.org/cypress/-/cypress-12.17.0.tgz",
      "integrity": "sha512-SrHNmJpWKhiDhqd4+M8vxFrNPEJ3qmTfVAhQkh4fM4J5a3f8oQC4clvlK3hXVpx9X7ey3AKLqnFQqIqEHqWQ==",
      "dev": true
    }
  }
}
